
Microsoft Visual Studio Solution File, Format Version 12.00
# Visual Studio 14
VisualStudioVersion = 14.0.23107.0
MinimumVisualStudioVersion = 10.0.40219.1
Project("{FAE04EC0-301F-11D3-BF4B-00C04F79EFBC}") = "Tehtava1", "Tehtava1\Tehtava1.csproj", "{A766DD63-A31E-48FC-A7CA-10AF684C1572}"
EndProject
Project("{FAE04EC0-301F-11D3-BF4B-00C04F79EFBC}") = "Tehtava2", "Tehtava2\Tehtava2.csproj", "{03146FDB-9ADD-4A46-9914-891738F00904}"
EndProject
Global
	GlobalSection(SolutionConfigurationPlatforms) = preSolution
		Debug|Any CPU = Debug|Any CPU
		Release|Any CPU = Release|Any CPU
	EndGlobalSection
	GlobalSection(ProjectConfigurationPlatforms) = postSolution
		{A766DD63-A31E-48FC-A7CA-10AF684C1572}.Debug|Any CPU.ActiveCfg = Debug|Any CPU
		{A766DD63-A31E-48FC-A7CA-10AF684C1572}.Debug|Any CPU.Build.0 = Debug|Any CPU
		{A766DD63-A31E-48FC-A7CA-10AF684C1572}.Release|Any CPU.ActiveCfg = Release|Any CPU
		{A766DD63-A31E-48FC-A7CA-10AF684C1572}.Release|Any CPU.Build.0 = Release|Any CPU
		{03146FDB-9ADD-4A46-9914-891738F00904}.Debug|Any CPU.ActiveCfg = Debug|Any CPU
		{03146FDB-9ADD-4A46-9914-891738F00904}.Debug|Any CPU.Build.0 = Debug|Any CPU
		{03146FDB-9ADD-4A46-9914-891738F00904}.Release|Any CPU.ActiveCfg = Release|Any CPU
		{03146FDB-9ADD-4A46-9914-891738F00904}.Release|Any CPU.Build.0 = Release|Any CPU
	EndGlobalSection
	GlobalSection(SolutionProperties) = preSolution
		HideSolutionNode = FALSE
	EndGlobalSection
EndGlobal
